// !$*UTF8*$!
{
	archiveVersion = 1;
	classes = {
	};
	objectVersion = 56;
	objects = {

/* Begin PBXBuildFile section */
		8BB9E1EE2BDF77BC00A45E64 /* AppDelegate.swift in Sources */ = {isa = PBXBuildFile; fileRef = 8BB9E1ED2BDF77BC00A45E64 /* AppDelegate.swift */; };
		8BB9E1F02BDF77BC00A45E64 /* SceneDelegate.swift in Sources */ = {isa = PBXBuildFile; fileRef = 8BB9E1EF2BDF77BC00A45E64 /* SceneDelegate.swift */; };
		8BB9E1F22BDF77BC00A45E64 /* ViewController.swift in Sources */ = {isa = PBXBuildFile; fileRef = 8BB9E1F12BDF77BC00A45E64 /* ViewController.swift */; };
		8BB9E1F72BDF77BE00A45E64 /* Assets.xcassets in Resources */ = {isa = PBXBuildFile; fileRef = 8BB9E1F62BDF77BE00A45E64 /* Assets.xcassets */; };
		8BB9E1FA2BDF77BE00A45E64 /* Base in Resources */ = {isa = PBXBuildFile; fileRef = 8BB9E1F92BDF77BE00A45E64 /* Base */; };
		8BB9E2032BDF7AEE00A45E64 /* TODO.swift in Sources */ = {isa = PBXBuildFile; fileRef = 8BB9E2022BDF7AEE00A45E64 /* TODO.swift */; };
		8BB9E2052BDF7B3B00A45E64 /* TODOViewModel.swift in Sources */ = {isa = PBXBuildFile; fileRef = 8BB9E2042BDF7B3B00A45E64 /* TODOViewModel.swift */; };
		8BB9E20C2BDF7BB600A45E64 /* TODOView.swift in Sources */ = {isa = PBXBuildFile; fileRef = 8BB9E20B2BDF7BB600A45E64 /* TODOView.swift */; };
/* End PBXBuildFile section */

/* Begin PBXFileReference section */
		8BB9E1EA2BDF77BC00A45E64 /* MVVM-iOS.app */ = {isa = PBXFileReference; explicitFileType = wrapper.application; includeInIndex = 0; path = "MVVM-iOS.app"; sourceTree = BUILT_PRODUCTS_DIR; };
		8BB9E1ED2BDF77BC00A45E64 /* AppDelegate.swift */ = {isa = PBXFileReference; lastKnownFileType = sourcecode.swift; path = AppDelegate.swift; sourceTree = "<group>"; };
		8BB9E1EF2BDF77BC00A45E64 /* SceneDelegate.swift */ = {isa = PBXFileReference; lastKnownFileType = sourcecode.swift; path = SceneDelegate.swift; sourceTree = "<group>"; };
		8BB9E1F12BDF77BC00A45E64 /* ViewController.swift */ = {isa = PBXFileReference; lastKnownFileType = sourcecode.swift; path = ViewController.swift; sourceTree = "<group>"; };
		8BB9E1F62BDF77BE00A45E64 /* Assets.xcassets */ = {isa = PBXFileReference; lastKnownFileType = folder.assetcatalog; path = Assets.xcassets; sourceTree = "<group>"; };
		8BB9E1F92BDF77BE00A45E64 /* Base */ = {isa = PBXFileReference; lastKnownFileType = file.storyboard; name = Base; path = Base.lproj/LaunchScreen.storyboard; sourceTree = "<group>"; };
		8BB9E1FB2BDF77BE00A45E64 /* Info.plist */ = {isa = PBXFileReference; lastKnownFileType = text.plist.xml; path = Info.plist; sourceTree = "<group>"; };
		8BB9E2022BDF7AEE00A45E64 /* TODO.swift */ = {isa = PBXFileReference; lastKnownFileType = sourcecode.swift; path = TODO.swift; sourceTree = "<group>"; };
		8BB9E2042BDF7B3B00A45E64 /* TODOViewModel.swift */ = {isa = PBXFileReference; lastKnownFileType = sourcecode.swift; path = TODOViewModel.swift; sourceTree = "<group>"; };
		8BB9E20B2BDF7BB600A45E64 /* TODOView.swift */ = {isa = PBXFileReference; lastKnownFileType = sourcecode.swift; path = TODOView.swift; sourceTree = "<group>"; };
/* End PBXFileReference section */

/* Begin PBXFrameworksBuildPhase section */
		8BB9E1E72BDF77BC00A45E64 /* Frameworks */ = {
			isa = PBXFrameworksBuildPhase;
			buildActionMask = 2147483647;
			files = (
			);
			runOnlyForDeploymentPostprocessing = 0;
		};
/* End PBXFrameworksBuildPhase section */

/* Begin PBXGroup section */
		8BB9E1E12BDF77BC00A45E64 = {
			isa = PBXGroup;
			children = (
				8BB9E1EC2BDF77BC00A45E64 /* MVVM-iOS */,
				8BB9E1EB2BDF77BC00A45E64 /* Products */,
			);
			sourceTree = "<group>";
		};
		8BB9E1EB2BDF77BC00A45E64 /* Products */ = {
			isa = PBXGroup;
			children = (
				8BB9E1EA2BDF77BC00A45E64 /* MVVM-iOS.app */,
			);
			name = Products;
			sourceTree = "<group>";
		};
		8BB9E1EC2BDF77BC00A45E64 /* MVVM-iOS */ = {
			isa = PBXGroup;
			children = (
				8BB9E2012BDF7ADC00A45E64 /* TODOModule */,
				8BB9E1ED2BDF77BC00A45E64 /* AppDelegate.swift */,
				8BB9E1EF2BDF77BC00A45E64 /* SceneDelegate.swift */,
				8BB9E1F12BDF77BC00A45E64 /* ViewController.swift */,
				8BB9E1F62BDF77BE00A45E64 /* Assets.xcassets */,
				8BB9E1F82BDF77BE00A45E64 /* LaunchScreen.storyboard */,
				8BB9E1FB2BDF77BE00A45E64 /* Info.plist */,
			);
			path = "MVVM-iOS";
			sourceTree = "<group>";
		};
		8BB9E2012BDF7ADC00A45E64 /* TODOModule */ = {
			isa = PBXGroup;
			children = (
				8BB9E2062BDF7B4600A45E64 /* UI */,
				8BB9E2072BDF7B5700A45E64 /* Domain */,
				8BB9E2082BDF7B6000A45E64 /* Data */,
			);
			path = TODOModule;
			sourceTree = "<group>";
		};
		8BB9E2062BDF7B4600A45E64 /* UI */ = {
			isa = PBXGroup;
			children = (
				8BB9E2042BDF7B3B00A45E64 /* TODOViewModel.swift */,
				8BB9E20B2BDF7BB600A45E64 /* TODOView.swift */,
			);
			path = UI;
			sourceTree = "<group>";
		};
		8BB9E2072BDF7B5700A45E64 /* Domain */ = {
			isa = PBXGroup;
			children = (
				8BB9E2022BDF7AEE00A45E64 /* TODO.swift */,
			);
			path = Domain;
			sourceTree = "<group>";
		};
		8BB9E2082BDF7B6000A45E64 /* Data */ = {
			isa = PBXGroup;
			children = (
			);
			path = Data;
			sourceTree = "<group>";
		};
/* End PBXGroup section */

/* Begin PBXNativeTarget section */
		8BB9E1E92BDF77BC00A45E64 /* MVVM-iOS */ = {
			isa = PBXNativeTarget;
			buildConfigurationList = 8BB9E1FE2BDF77BE00A45E64 /* Build configuration list for PBXNativeTarget "MVVM-iOS" */;
			buildPhases = (
				8BB9E1E62BDF77BC00A45E64 /* Sources */,
				8BB9E1E72BDF77BC00A45E64 /* Frameworks */,
				8BB9E1E82BDF77BC00A45E64 /* Resources */,
			);
			buildRules = (
			);
			dependencies = (
			);
			name = "MVVM-iOS";
			productName = "MVVM-iOS";
			productReference = 8BB9E1EA2BDF77BC00A45E64 /* MVVM-iOS.app */;
			productType = "com.apple.product-type.application";
		};
/* End PBXNativeTarget section */

/* Begin PBXProject section */
		8BB9E1E22BDF77BC00A45E64 /* Project object */ = {
			isa = PBXProject;
			attributes = {
				BuildIndependentTargetsInParallel = 1;
				LastSwiftUpdateCheck = 1530;
				LastUpgradeCheck = 1530;
				TargetAttributes = {
					8BB9E1E92BDF77BC00A45E64 = {
						CreatedOnToolsVersion = 15.3;
					};
				};
			};
			buildConfigurationList = 8BB9E1E52BDF77BC00A45E64 /* Build configuration list for PBXProject "MVVM-iOS" */;
			compatibilityVersion = "Xcode 14.0";
			developmentRegion = en;
			hasScannedForEncodings = 0;
			knownRegions = (
				en,
				Base,
			);
			mainGroup = 8BB9E1E12BDF77BC00A45E64;
			productRefGroup = 8BB9E1EB2BDF77BC00A45E64 /* Products */;
			projectDirPath = "";
			projectRoot = "";
			targets = (
				8BB9E1E92BDF77BC00A45E64 /* MVVM-iOS */,
			);
		};
/* End PBXProject section */

/* Begin PBXResourcesBuildPhase section */
		8BB9E1E82BDF77BC00A45E64 /* Resources */ = {
			isa = PBXResourcesBuildPhase;
			buildActionMask = 2147483647;
			files = (
				8BB9E1F72BDF77BE00A45E64 /* Assets.xcassets in Resources */,
				8BB9E1FA2BDF77BE00A45E64 /* Base in Resources */,
			);
			runOnlyForDeploymentPostprocessing = 0;
		};
/* End PBXResourcesBuildPhase section */

/* Begin PBXSourcesBuildPhase section */
		8BB9E1E62BDF77BC00A45E64 /* Sources */ = {
			isa = PBXSourcesBuildPhase;
			buildActionMask = 2147483647;
			files = (
				8BB9E1F22BDF77BC00A45E64 /* ViewController.swift in Sources */,
				8BB9E2052BDF7B3B00A45E64 /* TODOViewModel.swift in Sources */,
				8BB9E20C2BDF7BB600A45E64 /* TODOView.swift in Sources */,
				8BB9E1EE2BDF77BC00A45E64 /* AppDelegate.swift in Sources */,
				8BB9E1F02BDF77BC00A45E64 /* SceneDelegate.swift in Sources */,
				8BB9E2032BDF7AEE00A45E64 /* TODO.swift in Sources */,
			);
			runOnlyForDeploymentPostprocessing = 0;
		};
/* End PBXSourcesBuildPhase section */

/* Begin PBXVariantGroup section */
		8BB9E1F82BDF77BE00A45E64 /* LaunchScreen.storyboard */ = {
			isa = PBXVariantGroup;
			children = (
				8BB9E1F92BDF77BE00A45E64 /* Base */,
			);
			name = LaunchScreen.storyboard;
			sourceTree = "<group>";
		};
/* End PBXVariantGroup section */

/* Begin XCBuildConfiguration section */
		8BB9E1FC2BDF77BE00A45E64 /* Debug */ = {
			isa = XCBuildConfiguration;
			buildSettings = {
				ALWAYS_SEARCH_USER_PATHS = NO;
				ASSETCATALOG_COMPILER_GENERATE_SWIFT_ASSET_SYMBOL_EXTENSIONS = YES;
				CLANG_ANALYZER_NONNULL = YES;
				CLANG_ANALYZER_NUMBER_OBJECT_CONVERSION = YES_AGGRESSIVE;
				CLANG_CXX_LANGUAGE_STANDARD = "gnu++20";
				CLANG_ENABLE_MODULES = YES;
				CLANG_ENABLE_OBJC_ARC = YES;
				CLANG_ENABLE_OBJC_WEAK = YES;
				CLANG_WARN_BLOCK_CAPTURE_AUTORELEASING = YES;
				CLANG_WARN_BOOL_CONVERSION = YES;
				CLANG_WARN_COMMA = YES;
				CLANG_WARN_CONSTANT_CONVERSION = YES;
				CLANG_WARN_DEPRECATED_OBJC_IMPLEMENTATIONS = YES;
				CLANG_WARN_DIRECT_OBJC_ISA_USAGE = YES_ERROR;
				CLANG_WARN_DOCUMENTATION_COMMENTS = YES;
				CLANG_WARN_EMPTY_BODY = YES;
				CLANG_WARN_ENUM_CONVERSION = YES;
				CLANG_WARN_INFINITE_RECURSION = YES;
				CLANG_WARN_INT_CONVERSION = YES;
				CLANG_WARN_NON_LITERAL_NULL_CONVERSION = YES;
				CLANG_WARN_OBJC_IMPLICIT_RETAIN_SELF = YES;
				CLANG_WARN_OBJC_LITERAL_CONVERSION = YES;
				CLANG_WARN_OBJC_ROOT_CLASS = YES_ERROR;
				CLANG_WARN_QUOTED_INCLUDE_IN_FRAMEWORK_HEADER = YES;
				CLANG_WARN_RANGE_LOOP_ANALYSIS = YES;
				CLANG_WARN_STRICT_PROTOTYPES = YES;
				CLANG_WARN_SUSPICIOUS_MOVE = YES;
				CLANG_WARN_UNGUARDED_AVAILABILITY = YES_AGGRESSIVE;
				CLANG_WARN_UNREACHABLE_CODE = YES;
				CLANG_WARN__DUPLICATE_METHOD_MATCH = YES;
				COPY_PHASE_STRIP = NO;
				DEBUG_INFORMATION_FORMAT = dwarf;
				ENABLE_STRICT_OBJC_MSGSEND = YES;
				ENABLE_TESTABILITY = YES;
				ENABLE_USER_SCRIPT_SANDBOXING = YES;
				GCC_C_LANGUAGE_STANDARD = gnu17;
				GCC_DYNAMIC_NO_PIC = NO;
				GCC_NO_COMMON_BLOCKS = YES;
				GCC_OPTIMIZATION_LEVEL = 0;
				GCC_PREPROCESSOR_DEFINITIONS = (
					"DEBUG=1",
					"$(inherited)",
				);
				GCC_WARN_64_TO_32_BIT_CONVERSION = YES;
				GCC_WARN_ABOUT_RETURN_TYPE = YES_ERROR;
				GCC_WARN_UNDECLARED_SELECTOR = YES;
				GCC_WARN_UNINITIALIZED_AUTOS = YES_AGGRESSIVE;
				GCC_WARN_UNUSED_FUNCTION = YES;
				GCC_WARN_UNUSED_VARIABLE = YES;
				IPHONEOS_DEPLOYMENT_TARGET = 17.4;
				LOCALIZATION_PREFERS_STRING_CATALOGS = YES;
				MTL_ENABLE_DEBUG_INFO = INCLUDE_SOURCE;
				MTL_FAST_MATH = YES;
				ONLY_ACTIVE_ARCH = YES;
				SDKROOT = iphoneos;
				SWIFT_ACTIVE_COMPILATION_CONDITIONS = "DEBUG $(inherited)";
				SWIFT_OPTIMIZATION_LEVEL = "-Onone";
			};
			name = Debug;
		};
		8BB9E1FD2BDF77BE00A45E64 /* Release */ = {
			isa = XCBuildConfiguration;
			buildSettings = {
				ALWAYS_SEARCH_USER_PATHS = NO;
				ASSETCATALOG_COMPILER_GENERATE_SWIFT_ASSET_SYMBOL_EXTENSIONS = YES;
				CLANG_ANALYZER_NONNULL = YES;
				CLANG_ANALYZER_NUMBER_OBJECT_CONVERSION = YES_AGGRESSIVE;
				CLANG_CXX_LANGUAGE_STANDARD = "gnu++20";
				CLANG_ENABLE_MODULES = YES;
				CLANG_ENABLE_OBJC_ARC = YES;
				CLANG_ENABLE_OBJC_WEAK = YES;
				CLANG_WARN_BLOCK_CAPTURE_AUTORELEASING = YES;
				CLANG_WARN_BOOL_CONVERSION = YES;
				CLANG_WARN_COMMA = YES;
				CLANG_WARN_CONSTANT_CONVERSION = YES;
				CLANG_WARN_DEPRECATED_OBJC_IMPLEMENTATIONS = YES;
				CLANG_WARN_DIRECT_OBJC_ISA_USAGE = YES_ERROR;
				CLANG_WARN_DOCUMENTATION_COMMENTS = YES;
				CLANG_WARN_EMPTY_BODY = YES;
				CLANG_WARN_ENUM_CONVERSION = YES;
				CLANG_WARN_INFINITE_RECURSION = YES;
				CLANG_WARN_INT_CONVERSION = YES;
				CLANG_WARN_NON_LITERAL_NULL_CONVERSION = YES;
				CLANG_WARN_OBJC_IMPLICIT_RETAIN_SELF = YES;
				CLANG_WARN_OBJC_LITERAL_CONVERSION = YES;
				CLANG_WARN_OBJC_ROOT_CLASS = YES_ERROR;
				CLANG_WARN_QUOTED_INCLUDE_IN_FRAMEWORK_HEADER = YES;
				CLANG_WARN_RANGE_LOOP_ANALYSIS = YES;
				CLANG_WARN_STRICT_PROTOTYPES = YES;
				CLANG_WARN_SUSPICIOUS_MOVE = YES;
				CLANG_WARN_UNGUARDED_AVAILABILITY = YES_AGGRESSIVE;
				CLANG_WARN_UNREACHABLE_CODE = YES;
				CLANG_WARN__DUPLICATE_METHOD_MATCH = YES;
				COPY_PHASE_STRIP = NO;
				DEBUG_INFORMATION_FORMAT = "dwarf-with-dsym";
				ENABLE_NS_ASSERTIONS = NO;
				ENABLE_STRICT_OBJC_MSGSEND = YES;
				ENABLE_USER_SCRIPT_SANDBOXING = YES;
				GCC_C_LANGUAGE_STANDARD = gnu17;
				GCC_NO_COMMON_BLOCKS = YES;
				GCC_WARN_64_TO_32_BIT_CONVERSION = YES;
				GCC_WARN_ABOUT_RETURN_TYPE = YES_ERROR;
				GCC_WARN_UNDECLARED_SELECTOR = YES;
				GCC_WARN_UNINITIALIZED_AUTOS = YES_AGGRESSIVE;
				GCC_WARN_UNUSED_FUNCTION = YES;
				GCC_WARN_UNUSED_VARIABLE = YES;
				IPHONEOS_DEPLOYMENT_TARGET = 17.4;
				LOCALIZATION_PREFERS_STRING_CATALOGS = YES;
				MTL_ENABLE_DEBUG_INFO = NO;
				MTL_FAST_MATH = YES;
				SDKROOT = iphoneos;
				SWIFT_COMPILATION_MODE = wholemodule;
				VALIDATE_PRODUCT = YES;
			};
			name = Release;
		};
		8BB9E1FF2BDF77BE00A45E64 /* Debug */ = {
			isa = XCBuildConfiguration;
			buildSettings = {
				ASSETCATALOG_COMPILER_APPICON_NAME = AppIcon;
				ASSETCATALOG_COMPILER_GLOBAL_ACCENT_COLOR_NAME = AccentColor;
				CODE_SIGN_STYLE = Automatic;
				CURRENT_PROJECT_VERSION = 1;
				DEVELOPMENT_TEAM = L5BRL8USGZ;
				GENERATE_INFOPLIST_FILE = YES;
				INFOPLIST_FILE = "MVVM-iOS/Info.plist";
				INFOPLIST_KEY_UIApplicationSupportsIndirectInputEvents = YES;
				INFOPLIST_KEY_UILaunchStoryboardName = LaunchScreen;
				INFOPLIST_KEY_UISupportedInterfaceOrientations_iPad = "UIInterfaceOrientationPortrait UIInterfaceOrientationPortraitUpsideDown UIInterfaceOrientationLandscapeLeft UIInterfaceOrientationLandscapeRight";
				INFOPLIST_KEY_UISupportedInterfaceOrientations_iPhone = "UIInterfaceOrientationPortrait UIInterfaceOrientationLandscapeLeft UIInterfaceOrientationLandscapeRight";
				LD_RUNPATH_SEARCH_PATHS = (
					"$(inherited)",
					"@executable_path/Frameworks",
				);
				MARKETING_VERSION = 1.0;
				PRODUCT_BUNDLE_IDENTIFIER = "bwjeong.MVVM-iOS";
				PRODUCT_NAME = "$(TARGET_NAME)";
				SWIFT_EMIT_LOC_STRINGS = YES;
				SWIFT_VERSION = 5.0;
				TARGETED_DEVICE_FAMILY = "1,2";
			};
			name = Debug;
		};
		8BB9E2002BDF77BE00A45E64 /* Release */ = {
			isa = XCBuildConfiguration;
			buildSettings = {
				ASSETCATALOG_COMPILER_APPICON_NAME = AppIcon;
				ASSETCATALOG_COMPILER_GLOBAL_ACCENT_COLOR_NAME = AccentColor;
				CODE_SIGN_STYLE = Automatic;
				CURRENT_PROJECT_VERSION = 1;
				DEVELOPMENT_TEAM = L5BRL8USGZ;
				GENERATE_INFOPLIST_FILE = YES;
				INFOPLIST_FILE = "MVVM-iOS/Info.plist";
				INFOPLIST_KEY_UIApplicationSupportsIndirectInputEvents = YES;
				INFOPLIST_KEY_UILaunchStoryboardName = LaunchScreen;
				INFOPLIST_KEY_UISupportedInterfaceOrientations_iPad = "UIInterfaceOrientationPortrait UIInterfaceOrientationPortraitUpsideDown UIInterfaceOrientationLandscapeLeft UIInterfaceOrientationLandscapeRight";
				INFOPLIST_KEY_UISupportedInterfaceOrientations_iPhone = "UIInterfaceOrientationPortrait UIInterfaceOrientationLandscapeLeft UIInterfaceOrientationLandscapeRight";
				LD_RUNPATH_SEARCH_PATHS = (
					"$(inherited)",
					"@executable_path/Frameworks",
				);
				MARKETING_VERSION = 1.0;
				PRODUCT_BUNDLE_IDENTIFIER = "bwjeong.MVVM-iOS";
				PRODUCT_NAME = "$(TARGET_NAME)";
				SWIFT_EMIT_LOC_STRINGS = YES;
				SWIFT_VERSION = 5.0;
				TARGETED_DEVICE_FAMILY = "1,2";
			};
			name = Release;
		};
/* End XCBuildConfiguration section */

/* Begin XCConfigurationList section */
		8BB9E1E52BDF77BC00A45E64 /* Build configuration list for PBXProject "MVVM-iOS" */ = {
			isa = XCConfigurationList;
			buildConfigurations = (
				8BB9E1FC2BDF77BE00A45E64 /* Debug */,
				8BB9E1FD2BDF77BE00A45E64 /* Release */,
			);
			defaultConfigurationIsVisible = 0;
			defaultConfigurationName = Release;
		};
		8BB9E1FE2BDF77BE00A45E64 /* Build configuration list for PBXNativeTarget "MVVM-iOS" */ = {
			isa = XCConfigurationList;
			buildConfigurations = (
				8BB9E1FF2BDF77BE00A45E64 /* Debug */,
				8BB9E2002BDF77BE00A45E64 /* Release */,
			);
			defaultConfigurationIsVisible = 0;
			defaultConfigurationName = Release;
		};
/* End XCConfigurationList section */
	};
	rootObject = 8BB9E1E22BDF77BC00A45E64 /* Project object */;
}
